
Microsoft Visual Studio Solution File, Format Version 12.00
# Visual Studio 2013
VisualStudioVersion = 12.0.30110.0
MinimumVisualStudioVersion = 10.0.40219.1
Project("{8BC9CEB8-8B4A-11D0-8D11-00A0C91BC942}") = "MouseJiggle", "MouseJiggle.vcxproj", "{79E4C5F6-67A5-42EC-9E2D-187FA08D691F}"
EndProject
Global
	GlobalSection(SolutionConfigurationPlatforms) = preSolution
		Debug|Win32 = Debug|Win32
		Release|Win32 = Release|Win32
	EndGlobalSection
	GlobalSection(ProjectConfigurationPlatforms) = postSolution
		{79E4C5F6-67A5-42EC-9E2D-187FA08D691F}.Debug|Win32.ActiveCfg = Debug|Win32
		{79E4C5F6-67A5-42EC-9E2D-187FA08D691F}.Debug|Win32.Build.0 = Debug|Win32
		{79E4C5F6-67A5-42EC-9E2D-187FA08D691F}.Release|Win32.ActiveCfg = Release|Win32
		{79E4C5F6-67A5-42EC-9E2D-187FA08D691F}.Release|Win32.Build.0 = Release|Win32
	EndGlobalSection
	GlobalSection(SolutionProperties) = preSolution
		HideSolutionNode = FALSE
	EndGlobalSection
EndGlobal
